// !$*UTF8*$!
{
	archiveVersion = 1;
	classes = {
	};
	objectVersion = 55;
	objects = {

/* Begin PBXBuildFile section */
		370BB0CC272E8E3900D09278 /* FocusedSceneValueTestApp.swift in Sources */ = {isa = PBXBuildFile; fileRef = 370BB0CB272E8E3900D09278 /* FocusedSceneValueTestApp.swift */; };
		370BB0CE272E8E3900D09278 /* ContentView.swift in Sources */ = {isa = PBXBuildFile; fileRef = 370BB0CD272E8E3900D09278 /* ContentView.swift */; };
		370BB0D0272E8E3B00D09278 /* Assets.xcassets in Resources */ = {isa = PBXBuildFile; fileRef = 370BB0CF272E8E3B00D09278 /* Assets.xcassets */; };
		370BB0D3272E8E3B00D09278 /* Preview Assets.xcassets in Resources */ = {isa = PBXBuildFile; fileRef = 370BB0D2272E8E3B00D09278 /* Preview Assets.xcassets */; };
		370BB0DB272E901C00D09278 /* Playlist.swift in Sources */ = {isa = PBXBuildFile; fileRef = 370BB0DA272E901C00D09278 /* Playlist.swift */; };
		370BB0DD272E907200D09278 /* PlaylistCommands.swift in Sources */ = {isa = PBXBuildFile; fileRef = 370BB0DC272E907200D09278 /* PlaylistCommands.swift */; };
		370BB0DF272E90BB00D09278 /* FocusedValues+Playlist.swift in Sources */ = {isa = PBXBuildFile; fileRef = 370BB0DE272E90BB00D09278 /* FocusedValues+Playlist.swift */; };
		371D7B6C272EA29C001DBC8C /* Sidebar.swift in Sources */ = {isa = PBXBuildFile; fileRef = 371D7B6B272EA29C001DBC8C /* Sidebar.swift */; };
		371D7B6E272EA2BA001DBC8C /* SidebarItem.swift in Sources */ = {isa = PBXBuildFile; fileRef = 371D7B6D272EA2BA001DBC8C /* SidebarItem.swift */; };
		371D7B70272EA2DA001DBC8C /* PlaylistView.swift in Sources */ = {isa = PBXBuildFile; fileRef = 371D7B6F272EA2DA001DBC8C /* PlaylistView.swift */; };
/* End PBXBuildFile section */

/* Begin PBXFileReference section */
		370BB0C8272E8E3900D09278 /* FocusedSceneValueTest.app */ = {isa = PBXFileReference; explicitFileType = wrapper.application; includeInIndex = 0; path = FocusedSceneValueTest.app; sourceTree = BUILT_PRODUCTS_DIR; };
		370BB0CB272E8E3900D09278 /* FocusedSceneValueTestApp.swift */ = {isa = PBXFileReference; lastKnownFileType = sourcecode.swift; path = FocusedSceneValueTestApp.swift; sourceTree = "<group>"; };
		370BB0CD272E8E3900D09278 /* ContentView.swift */ = {isa = PBXFileReference; lastKnownFileType = sourcecode.swift; path = ContentView.swift; sourceTree = "<group>"; };
		370BB0CF272E8E3B00D09278 /* Assets.xcassets */ = {isa = PBXFileReference; lastKnownFileType = folder.assetcatalog; path = Assets.xcassets; sourceTree = "<group>"; };
		370BB0D2272E8E3B00D09278 /* Preview Assets.xcassets */ = {isa = PBXFileReference; lastKnownFileType = folder.assetcatalog; path = "Preview Assets.xcassets"; sourceTree = "<group>"; };
		370BB0D4272E8E3B00D09278 /* FocusedSceneValueTest.entitlements */ = {isa = PBXFileReference; lastKnownFileType = text.plist.entitlements; path = FocusedSceneValueTest.entitlements; sourceTree = "<group>"; };
		370BB0DA272E901C00D09278 /* Playlist.swift */ = {isa = PBXFileReference; lastKnownFileType = sourcecode.swift; path = Playlist.swift; sourceTree = "<group>"; };
		370BB0DC272E907200D09278 /* PlaylistCommands.swift */ = {isa = PBXFileReference; lastKnownFileType = sourcecode.swift; path = PlaylistCommands.swift; sourceTree = "<group>"; };
		370BB0DE272E90BB00D09278 /* FocusedValues+Playlist.swift */ = {isa = PBXFileReference; lastKnownFileType = sourcecode.swift; path = "FocusedValues+Playlist.swift"; sourceTree = "<group>"; };
		371D7B6B272EA29C001DBC8C /* Sidebar.swift */ = {isa = PBXFileReference; lastKnownFileType = sourcecode.swift; path = Sidebar.swift; sourceTree = "<group>"; };
		371D7B6D272EA2BA001DBC8C /* SidebarItem.swift */ = {isa = PBXFileReference; lastKnownFileType = sourcecode.swift; path = SidebarItem.swift; sourceTree = "<group>"; };
		371D7B6F272EA2DA001DBC8C /* PlaylistView.swift */ = {isa = PBXFileReference; lastKnownFileType = sourcecode.swift; path = PlaylistView.swift; sourceTree = "<group>"; };
/* End PBXFileReference section */

/* Begin PBXFrameworksBuildPhase section */
		370BB0C5272E8E3900D09278 /* Frameworks */ = {
			isa = PBXFrameworksBuildPhase;
			buildActionMask = 2147483647;
			files = (
			);
			runOnlyForDeploymentPostprocessing = 0;
		};
/* End PBXFrameworksBuildPhase section */

/* Begin PBXGroup section */
		370BB0BF272E8E3900D09278 = {
			isa = PBXGroup;
			children = (
				370BB0CA272E8E3900D09278 /* FocusedSceneValueTest */,
				370BB0C9272E8E3900D09278 /* Products */,
			);
			sourceTree = "<group>";
		};
		370BB0C9272E8E3900D09278 /* Products */ = {
			isa = PBXGroup;
			children = (
				370BB0C8272E8E3900D09278 /* FocusedSceneValueTest.app */,
			);
			name = Products;
			sourceTree = "<group>";
		};
		370BB0CA272E8E3900D09278 /* FocusedSceneValueTest */ = {
			isa = PBXGroup;
			children = (
				371D7B6A272EA25B001DBC8C /* Commands */,
				371D7B69272EA22C001DBC8C /* Views */,
				371D7B68272EA220001DBC8C /* Model */,
				370BB0CB272E8E3900D09278 /* FocusedSceneValueTestApp.swift */,
				370BB0DE272E90BB00D09278 /* FocusedValues+Playlist.swift */,
				370BB0CF272E8E3B00D09278 /* Assets.xcassets */,
				370BB0D4272E8E3B00D09278 /* FocusedSceneValueTest.entitlements */,
				370BB0D1272E8E3B00D09278 /* Preview Content */,
			);
			path = FocusedSceneValueTest;
			sourceTree = "<group>";
		};
		370BB0D1272E8E3B00D09278 /* Preview Content */ = {
			isa = PBXGroup;
			children = (
				370BB0D2272E8E3B00D09278 /* Preview Assets.xcassets */,
			);
			path = "Preview Content";
			sourceTree = "<group>";
		};
		371D7B68272EA220001DBC8C /* Model */ = {
			isa = PBXGroup;
			children = (
				370BB0DA272E901C00D09278 /* Playlist.swift */,
			);
			path = Model;
			sourceTree = "<group>";
		};
		371D7B69272EA22C001DBC8C /* Views */ = {
			isa = PBXGroup;
			children = (
				370BB0CD272E8E3900D09278 /* ContentView.swift */,
				371D7B6B272EA29C001DBC8C /* Sidebar.swift */,
				371D7B6D272EA2BA001DBC8C /* SidebarItem.swift */,
				371D7B6F272EA2DA001DBC8C /* PlaylistView.swift */,
			);
			path = Views;
			sourceTree = "<group>";
		};
		371D7B6A272EA25B001DBC8C /* Commands */ = {
			isa = PBXGroup;
			children = (
				370BB0DC272E907200D09278 /* PlaylistCommands.swift */,
			);
			path = Commands;
			sourceTree = "<group>";
		};
/* End PBXGroup section */

/* Begin PBXNativeTarget section */
		370BB0C7272E8E3900D09278 /* FocusedSceneValueTest */ = {
			isa = PBXNativeTarget;
			buildConfigurationList = 370BB0D7272E8E3B00D09278 /* Build configuration list for PBXNativeTarget "FocusedSceneValueTest" */;
			buildPhases = (
				370BB0C4272E8E3900D09278 /* Sources */,
				370BB0C5272E8E3900D09278 /* Frameworks */,
				370BB0C6272E8E3900D09278 /* Resources */,
			);
			buildRules = (
			);
			dependencies = (
			);
			name = FocusedSceneValueTest;
			productName = FocusedSceneValueTest;
			productReference = 370BB0C8272E8E3900D09278 /* FocusedSceneValueTest.app */;
			productType = "com.apple.product-type.application";
		};
/* End PBXNativeTarget section */

/* Begin PBXProject section */
		370BB0C0272E8E3900D09278 /* Project object */ = {
			isa = PBXProject;
			attributes = {
				BuildIndependentTargetsInParallel = 1;
				LastSwiftUpdateCheck = 1310;
				LastUpgradeCheck = 1310;
				TargetAttributes = {
					370BB0C7272E8E3900D09278 = {
						CreatedOnToolsVersion = 13.1;
					};
				};
			};
			buildConfigurationList = 370BB0C3272E8E3900D09278 /* Build configuration list for PBXProject "FocusedSceneValueTest" */;
			compatibilityVersion = "Xcode 13.0";
			developmentRegion = en;
			hasScannedForEncodings = 0;
			knownRegions = (
				en,
				Base,
			);
			mainGroup = 370BB0BF272E8E3900D09278;
			productRefGroup = 370BB0C9272E8E3900D09278 /* Products */;
			projectDirPath = "";
			projectRoot = "";
			targets = (
				370BB0C7272E8E3900D09278 /* FocusedSceneValueTest */,
			);
		};
/* End PBXProject section */

/* Begin PBXResourcesBuildPhase section */
		370BB0C6272E8E3900D09278 /* Resources */ = {
			isa = PBXResourcesBuildPhase;
			buildActionMask = 2147483647;
			files = (
				370BB0D3272E8E3B00D09278 /* Preview Assets.xcassets in Resources */,
				370BB0D0272E8E3B00D09278 /* Assets.xcassets in Resources */,
			);
			runOnlyForDeploymentPostprocessing = 0;
		};
/* End PBXResourcesBuildPhase section */

/* Begin PBXSourcesBuildPhase section */
		370BB0C4272E8E3900D09278 /* Sources */ = {
			isa = PBXSourcesBuildPhase;
			buildActionMask = 2147483647;
			files = (
				370BB0CE272E8E3900D09278 /* ContentView.swift in Sources */,
				370BB0CC272E8E3900D09278 /* FocusedSceneValueTestApp.swift in Sources */,
				371D7B70272EA2DA001DBC8C /* PlaylistView.swift in Sources */,
				370BB0DF272E90BB00D09278 /* FocusedValues+Playlist.swift in Sources */,
				370BB0DB272E901C00D09278 /* Playlist.swift in Sources */,
				371D7B6E272EA2BA001DBC8C /* SidebarItem.swift in Sources */,
				371D7B6C272EA29C001DBC8C /* Sidebar.swift in Sources */,
				370BB0DD272E907200D09278 /* PlaylistCommands.swift in Sources */,
			);
			runOnlyForDeploymentPostprocessing = 0;
		};
/* End PBXSourcesBuildPhase section */

/* Begin XCBuildConfiguration section */
		370BB0D5272E8E3B00D09278 /* Debug */ = {
			isa = XCBuildConfiguration;
			buildSettings = {
				ALWAYS_SEARCH_USER_PATHS = NO;
				CLANG_ANALYZER_NONNULL = YES;
				CLANG_ANALYZER_NUMBER_OBJECT_CONVERSION = YES_AGGRESSIVE;
				CLANG_CXX_LANGUAGE_STANDARD = "gnu++17";
				CLANG_CXX_LIBRARY = "libc++";
				CLANG_ENABLE_MODULES = YES;
				CLANG_ENABLE_OBJC_ARC = YES;
				CLANG_ENABLE_OBJC_WEAK = YES;
				CLANG_WARN_BLOCK_CAPTURE_AUTORELEASING = YES;
				CLANG_WARN_BOOL_CONVERSION = YES;
				CLANG_WARN_COMMA = YES;
				CLANG_WARN_CONSTANT_CONVERSION = YES;
				CLANG_WARN_DEPRECATED_OBJC_IMPLEMENTATIONS = YES;
				CLANG_WARN_DIRECT_OBJC_ISA_USAGE = YES_ERROR;
				CLANG_WARN_DOCUMENTATION_COMMENTS = YES;
				CLANG_WARN_EMPTY_BODY = YES;
				CLANG_WARN_ENUM_CONVERSION = YES;
				CLANG_WARN_INFINITE_RECURSION = YES;
				CLANG_WARN_INT_CONVERSION = YES;
				CLANG_WARN_NON_LITERAL_NULL_CONVERSION = YES;
				CLANG_WARN_OBJC_IMPLICIT_RETAIN_SELF = YES;
				CLANG_WARN_OBJC_LITERAL_CONVERSION = YES;
				CLANG_WARN_OBJC_ROOT_CLASS = YES_ERROR;
				CLANG_WARN_QUOTED_INCLUDE_IN_FRAMEWORK_HEADER = YES;
				CLANG_WARN_RANGE_LOOP_ANALYSIS = YES;
				CLANG_WARN_STRICT_PROTOTYPES = YES;
				CLANG_WARN_SUSPICIOUS_MOVE = YES;
				CLANG_WARN_UNGUARDED_AVAILABILITY = YES_AGGRESSIVE;
				CLANG_WARN_UNREACHABLE_CODE = YES;
				CLANG_WARN__DUPLICATE_METHOD_MATCH = YES;
				COPY_PHASE_STRIP = NO;
				DEBUG_INFORMATION_FORMAT = dwarf;
				ENABLE_STRICT_OBJC_MSGSEND = YES;
				ENABLE_TESTABILITY = YES;
				GCC_C_LANGUAGE_STANDARD = gnu11;
				GCC_DYNAMIC_NO_PIC = NO;
				GCC_NO_COMMON_BLOCKS = YES;
				GCC_OPTIMIZATION_LEVEL = 0;
				GCC_PREPROCESSOR_DEFINITIONS = (
					"DEBUG=1",
					"$(inherited)",
				);
				GCC_WARN_64_TO_32_BIT_CONVERSION = YES;
				GCC_WARN_ABOUT_RETURN_TYPE = YES_ERROR;
				GCC_WARN_UNDECLARED_SELECTOR = YES;
				GCC_WARN_UNINITIALIZED_AUTOS = YES_AGGRESSIVE;
				GCC_WARN_UNUSED_FUNCTION = YES;
				GCC_WARN_UNUSED_VARIABLE = YES;
				MACOSX_DEPLOYMENT_TARGET = 12.0;
				MTL_ENABLE_DEBUG_INFO = INCLUDE_SOURCE;
				MTL_FAST_MATH = YES;
				ONLY_ACTIVE_ARCH = YES;
				SDKROOT = macosx;
				SWIFT_ACTIVE_COMPILATION_CONDITIONS = DEBUG;
				SWIFT_OPTIMIZATION_LEVEL = "-Onone";
			};
			name = Debug;
		};
		370BB0D6272E8E3B00D09278 /* Release */ = {
			isa = XCBuildConfiguration;
			buildSettings = {
				ALWAYS_SEARCH_USER_PATHS = NO;
				CLANG_ANALYZER_NONNULL = YES;
				CLANG_ANALYZER_NUMBER_OBJECT_CONVERSION = YES_AGGRESSIVE;
				CLANG_CXX_LANGUAGE_STANDARD = "gnu++17";
				CLANG_CXX_LIBRARY = "libc++";
				CLANG_ENABLE_MODULES = YES;
				CLANG_ENABLE_OBJC_ARC = YES;
				CLANG_ENABLE_OBJC_WEAK = YES;
				CLANG_WARN_BLOCK_CAPTURE_AUTORELEASING = YES;
				CLANG_WARN_BOOL_CONVERSION = YES;
				CLANG_WARN_COMMA = YES;
				CLANG_WARN_CONSTANT_CONVERSION = YES;
				CLANG_WARN_DEPRECATED_OBJC_IMPLEMENTATIONS = YES;
				CLANG_WARN_DIRECT_OBJC_ISA_USAGE = YES_ERROR;
				CLANG_WARN_DOCUMENTATION_COMMENTS = YES;
				CLANG_WARN_EMPTY_BODY = YES;
				CLANG_WARN_ENUM_CONVERSION = YES;
				CLANG_WARN_INFINITE_RECURSION = YES;
				CLANG_WARN_INT_CONVERSION = YES;
				CLANG_WARN_NON_LITERAL_NULL_CONVERSION = YES;
				CLANG_WARN_OBJC_IMPLICIT_RETAIN_SELF = YES;
				CLANG_WARN_OBJC_LITERAL_CONVERSION = YES;
				CLANG_WARN_OBJC_ROOT_CLASS = YES_ERROR;
				CLANG_WARN_QUOTED_INCLUDE_IN_FRAMEWORK_HEADER = YES;
				CLANG_WARN_RANGE_LOOP_ANALYSIS = YES;
				CLANG_WARN_STRICT_PROTOTYPES = YES;
				CLANG_WARN_SUSPICIOUS_MOVE = YES;
				CLANG_WARN_UNGUARDED_AVAILABILITY = YES_AGGRESSIVE;
				CLANG_WARN_UNREACHABLE_CODE = YES;
				CLANG_WARN__DUPLICATE_METHOD_MATCH = YES;
				COPY_PHASE_STRIP = NO;
				DEBUG_INFORMATION_FORMAT = "dwarf-with-dsym";
				ENABLE_NS_ASSERTIONS = NO;
				ENABLE_STRICT_OBJC_MSGSEND = YES;
				GCC_C_LANGUAGE_STANDARD = gnu11;
				GCC_NO_COMMON_BLOCKS = YES;
				GCC_WARN_64_TO_32_BIT_CONVERSION = YES;
				GCC_WARN_ABOUT_RETURN_TYPE = YES_ERROR;
				GCC_WARN_UNDECLARED_SELECTOR = YES;
				GCC_WARN_UNINITIALIZED_AUTOS = YES_AGGRESSIVE;
				GCC_WARN_UNUSED_FUNCTION = YES;
				GCC_WARN_UNUSED_VARIABLE = YES;
				MACOSX_DEPLOYMENT_TARGET = 12.0;
				MTL_ENABLE_DEBUG_INFO = NO;
				MTL_FAST_MATH = YES;
				SDKROOT = macosx;
				SWIFT_COMPILATION_MODE = wholemodule;
				SWIFT_OPTIMIZATION_LEVEL = "-O";
			};
			name = Release;
		};
		370BB0D8272E8E3B00D09278 /* Debug */ = {
			isa = XCBuildConfiguration;
			buildSettings = {
				ASSETCATALOG_COMPILER_APPICON_NAME = AppIcon;
				ASSETCATALOG_COMPILER_GLOBAL_ACCENT_COLOR_NAME = AccentColor;
				CODE_SIGN_ENTITLEMENTS = FocusedSceneValueTest/FocusedSceneValueTest.entitlements;
				CODE_SIGN_STYLE = Automatic;
				COMBINE_HIDPI_IMAGES = YES;
				CURRENT_PROJECT_VERSION = 1;
				DEVELOPMENT_ASSET_PATHS = "\"FocusedSceneValueTest/Preview Content\"";
				ENABLE_PREVIEWS = YES;
				GENERATE_INFOPLIST_FILE = YES;
				INFOPLIST_KEY_NSHumanReadableCopyright = "";
				LD_RUNPATH_SEARCH_PATHS = (
					"$(inherited)",
					"@executable_path/../Frameworks",
				);
				MARKETING_VERSION = 1.0;
				PRODUCT_BUNDLE_IDENTIFIER = com.waltin.FocusedSceneValueTest;
				PRODUCT_NAME = "$(TARGET_NAME)";
				SWIFT_EMIT_LOC_STRINGS = YES;
				SWIFT_VERSION = 5.0;
			};
			name = Debug;
		};
		370BB0D9272E8E3B00D09278 /* Release */ = {
			isa = XCBuildConfiguration;
			buildSettings = {
				ASSETCATALOG_COMPILER_APPICON_NAME = AppIcon;
				ASSETCATALOG_COMPILER_GLOBAL_ACCENT_COLOR_NAME = AccentColor;
				CODE_SIGN_ENTITLEMENTS = FocusedSceneValueTest/FocusedSceneValueTest.entitlements;
				CODE_SIGN_STYLE = Automatic;
				COMBINE_HIDPI_IMAGES = YES;
				CURRENT_PROJECT_VERSION = 1;
				DEVELOPMENT_ASSET_PATHS = "\"FocusedSceneValueTest/Preview Content\"";
				ENABLE_PREVIEWS = YES;
				GENERATE_INFOPLIST_FILE = YES;
				INFOPLIST_KEY_NSHumanReadableCopyright = "";
				LD_RUNPATH_SEARCH_PATHS = (
					"$(inherited)",
					"@executable_path/../Frameworks",
				);
				MARKETING_VERSION = 1.0;
				PRODUCT_BUNDLE_IDENTIFIER = com.waltin.FocusedSceneValueTest;
				PRODUCT_NAME = "$(TARGET_NAME)";
				SWIFT_EMIT_LOC_STRINGS = YES;
				SWIFT_VERSION = 5.0;
			};
			name = Release;
		};
/* End XCBuildConfiguration section */

/* Begin XCConfigurationList section */
		370BB0C3272E8E3900D09278 /* Build configuration list for PBXProject "FocusedSceneValueTest" */ = {
			isa = XCConfigurationList;
			buildConfigurations = (
				370BB0D5272E8E3B00D09278 /* Debug */,
				370BB0D6272E8E3B00D09278 /* Release */,
			);
			defaultConfigurationIsVisible = 0;
			defaultConfigurationName = Release;
		};
		370BB0D7272E8E3B00D09278 /* Build configuration list for PBXNativeTarget "FocusedSceneValueTest" */ = {
			isa = XCConfigurationList;
			buildConfigurations = (
				370BB0D8272E8E3B00D09278 /* Debug */,
				370BB0D9272E8E3B00D09278 /* Release */,
			);
			defaultConfigurationIsVisible = 0;
			defaultConfigurationName = Release;
		};
/* End XCConfigurationList section */
	};
	rootObject = 370BB0C0272E8E3900D09278 /* Project object */;
}
